// !$*UTF8*$!
{
	archiveVersion = 1;
	classes = {
	};
	objectVersion = 48;
	objects = {

/* Begin PBXBuildFile section */
		BA6DA362212FD79700850E08 /* AppDelegate.swift in Sources */ = {isa = PBXBuildFile; fileRef = BA6DA361212FD79700850E08 /* AppDelegate.swift */; };
		BA6DA364212FD79700850E08 /* FirstViewController.swift in Sources */ = {isa = PBXBuildFile; fileRef = BA6DA363212FD79700850E08 /* FirstViewController.swift */; };
		BA6DA367212FD79700850E08 /* Main.storyboard in Resources */ = {isa = PBXBuildFile; fileRef = BA6DA365212FD79700850E08 /* Main.storyboard */; };
		BA6DA369212FD79700850E08 /* Assets.xcassets in Resources */ = {isa = PBXBuildFile; fileRef = BA6DA368212FD79700850E08 /* Assets.xcassets */; };
		BA6DA36C212FD79700850E08 /* LaunchScreen.storyboard in Resources */ = {isa = PBXBuildFile; fileRef = BA6DA36A212FD79700850E08 /* LaunchScreen.storyboard */; };
		BA6DA374212FD7C000850E08 /* UISegues.framework in Frameworks */ = {isa = PBXBuildFile; fileRef = BA6DA375212FD7C000850E08 /* UISegues.framework */; };
		BA6DA377212FD82D00850E08 /* SecondViewController.swift in Sources */ = {isa = PBXBuildFile; fileRef = BA6DA376212FD82D00850E08 /* SecondViewController.swift */; };
		BA6DA379212FDAC500850E08 /* Routing.swift in Sources */ = {isa = PBXBuildFile; fileRef = BA6DA378212FDAC500850E08 /* Routing.swift */; };
/* End PBXBuildFile section */

/* Begin PBXFileReference section */
		BA6DA35E212FD79700850E08 /* UISeguesExample.app */ = {isa = PBXFileReference; explicitFileType = wrapper.application; includeInIndex = 0; path = UISeguesExample.app; sourceTree = BUILT_PRODUCTS_DIR; };
		BA6DA361212FD79700850E08 /* AppDelegate.swift */ = {isa = PBXFileReference; lastKnownFileType = sourcecode.swift; path = AppDelegate.swift; sourceTree = "<group>"; };
		BA6DA363212FD79700850E08 /* FirstViewController.swift */ = {isa = PBXFileReference; lastKnownFileType = sourcecode.swift; path = FirstViewController.swift; sourceTree = "<group>"; };
		BA6DA366212FD79700850E08 /* Base */ = {isa = PBXFileReference; lastKnownFileType = file.storyboard; name = Base; path = Base.lproj/Main.storyboard; sourceTree = "<group>"; };
		BA6DA368212FD79700850E08 /* Assets.xcassets */ = {isa = PBXFileReference; lastKnownFileType = folder.assetcatalog; path = Assets.xcassets; sourceTree = "<group>"; };
		BA6DA36B212FD79700850E08 /* Base */ = {isa = PBXFileReference; lastKnownFileType = file.storyboard; name = Base; path = Base.lproj/LaunchScreen.storyboard; sourceTree = "<group>"; };
		BA6DA36D212FD79700850E08 /* Info.plist */ = {isa = PBXFileReference; lastKnownFileType = text.plist.xml; path = Info.plist; sourceTree = "<group>"; };
		BA6DA375212FD7C000850E08 /* UISegues.framework */ = {isa = PBXFileReference; explicitFileType = wrapper.framework; path = UISegues.framework; sourceTree = BUILT_PRODUCTS_DIR; };
		BA6DA376212FD82D00850E08 /* SecondViewController.swift */ = {isa = PBXFileReference; lastKnownFileType = sourcecode.swift; path = SecondViewController.swift; sourceTree = "<group>"; };
		BA6DA378212FDAC500850E08 /* Routing.swift */ = {isa = PBXFileReference; lastKnownFileType = sourcecode.swift; path = Routing.swift; sourceTree = "<group>"; };
		BA6DA37A212FDE0600850E08 /* Screens.xcassets */ = {isa = PBXFileReference; lastKnownFileType = folder.assetcatalog; path = Screens.xcassets; sourceTree = "<group>"; };
/* End PBXFileReference section */

/* Begin PBXFrameworksBuildPhase section */
		BA6DA35B212FD79700850E08 /* Frameworks */ = {
			isa = PBXFrameworksBuildPhase;
			buildActionMask = 2147483647;
			files = (
				BA6DA374212FD7C000850E08 /* UISegues.framework in Frameworks */,
			);
			runOnlyForDeploymentPostprocessing = 0;
		};
/* End PBXFrameworksBuildPhase section */

/* Begin PBXGroup section */
		BA6DA355212FD79700850E08 = {
			isa = PBXGroup;
			children = (
				BA6DA360212FD79700850E08 /* UISeguesExample */,
				BA6DA35F212FD79700850E08 /* Products */,
				BA6DA373212FD7C000850E08 /* Frameworks */,
			);
			sourceTree = "<group>";
		};
		BA6DA35F212FD79700850E08 /* Products */ = {
			isa = PBXGroup;
			children = (
				BA6DA35E212FD79700850E08 /* UISeguesExample.app */,
			);
			name = Products;
			sourceTree = "<group>";
		};
		BA6DA360212FD79700850E08 /* UISeguesExample */ = {
			isa = PBXGroup;
			children = (
				BA6DA361212FD79700850E08 /* AppDelegate.swift */,
				BA6DA378212FDAC500850E08 /* Routing.swift */,
				BA6DA363212FD79700850E08 /* FirstViewController.swift */,
				BA6DA376212FD82D00850E08 /* SecondViewController.swift */,
				BA6DA365212FD79700850E08 /* Main.storyboard */,
				BA6DA368212FD79700850E08 /* Assets.xcassets */,
				BA6DA37A212FDE0600850E08 /* Screens.xcassets */,
				BA6DA36A212FD79700850E08 /* LaunchScreen.storyboard */,
				BA6DA36D212FD79700850E08 /* Info.plist */,
			);
			path = UISeguesExample;
			sourceTree = "<group>";
		};
		BA6DA373212FD7C000850E08 /* Frameworks */ = {
			isa = PBXGroup;
			children = (
				BA6DA375212FD7C000850E08 /* UISegues.framework */,
			);
			name = Frameworks;
			sourceTree = "<group>";
		};
/* End PBXGroup section */

/* Begin PBXNativeTarget section */
		BA6DA35D212FD79700850E08 /* UISeguesExample */ = {
			isa = PBXNativeTarget;
			buildConfigurationList = BA6DA370212FD79700850E08 /* Build configuration list for PBXNativeTarget "UISeguesExample" */;
			buildPhases = (
				BA6DA35A212FD79700850E08 /* Sources */,
				BA6DA35B212FD79700850E08 /* Frameworks */,
				BA6DA35C212FD79700850E08 /* Resources */,
			);
			buildRules = (
			);
			dependencies = (
			);
			name = UISeguesExample;
			productName = UISeguesExample;
			productReference = BA6DA35E212FD79700850E08 /* UISeguesExample.app */;
			productType = "com.apple.product-type.application";
		};
/* End PBXNativeTarget section */

/* Begin PBXProject section */
		BA6DA356212FD79700850E08 /* Project object */ = {
			isa = PBXProject;
			attributes = {
				LastSwiftUpdateCheck = 0920;
				LastUpgradeCheck = 0920;
				TargetAttributes = {
					BA6DA35D212FD79700850E08 = {
						CreatedOnToolsVersion = 9.2;
						ProvisioningStyle = Automatic;
					};
				};
			};
			buildConfigurationList = BA6DA359212FD79700850E08 /* Build configuration list for PBXProject "UISeguesExample" */;
			compatibilityVersion = "Xcode 8.0";
			developmentRegion = en;
			hasScannedForEncodings = 0;
			knownRegions = (
				en,
				Base,
			);
			mainGroup = BA6DA355212FD79700850E08;
			productRefGroup = BA6DA35F212FD79700850E08 /* Products */;
			projectDirPath = "";
			projectRoot = "";
			targets = (
				BA6DA35D212FD79700850E08 /* UISeguesExample */,
			);
		};
/* End PBXProject section */

/* Begin PBXResourcesBuildPhase section */
		BA6DA35C212FD79700850E08 /* Resources */ = {
			isa = PBXResourcesBuildPhase;
			buildActionMask = 2147483647;
			files = (
				BA6DA36C212FD79700850E08 /* LaunchScreen.storyboard in Resources */,
				BA6DA369212FD79700850E08 /* Assets.xcassets in Resources */,
				BA6DA367212FD79700850E08 /* Main.storyboard in Resources */,
			);
			runOnlyForDeploymentPostprocessing = 0;
		};
/* End PBXResourcesBuildPhase section */

/* Begin PBXSourcesBuildPhase section */
		BA6DA35A212FD79700850E08 /* Sources */ = {
			isa = PBXSourcesBuildPhase;
			buildActionMask = 2147483647;
			files = (
				BA6DA379212FDAC500850E08 /* Routing.swift in Sources */,
				BA6DA377212FD82D00850E08 /* SecondViewController.swift in Sources */,
				BA6DA364212FD79700850E08 /* FirstViewController.swift in Sources */,
				BA6DA362212FD79700850E08 /* AppDelegate.swift in Sources */,
			);
			runOnlyForDeploymentPostprocessing = 0;
		};
/* End PBXSourcesBuildPhase section */

/* Begin PBXVariantGroup section */
		BA6DA365212FD79700850E08 /* Main.storyboard */ = {
			isa = PBXVariantGroup;
			children = (
				BA6DA366212FD79700850E08 /* Base */,
			);
			name = Main.storyboard;
			sourceTree = "<group>";
		};
		BA6DA36A212FD79700850E08 /* LaunchScreen.storyboard */ = {
			isa = PBXVariantGroup;
			children = (
				BA6DA36B212FD79700850E08 /* Base */,
			);
			name = LaunchScreen.storyboard;
			sourceTree = "<group>";
		};
/* End PBXVariantGroup section */

/* Begin XCBuildConfiguration section */
		BA6DA36E212FD79700850E08 /* Debug */ = {
			isa = XCBuildConfiguration;
			buildSettings = {
				ALWAYS_SEARCH_USER_PATHS = NO;
				CLANG_ANALYZER_NONNULL = YES;
				CLANG_ANALYZER_NUMBER_OBJECT_CONVERSION = YES_AGGRESSIVE;
				CLANG_CXX_LANGUAGE_STANDARD = "gnu++14";
				CLANG_CXX_LIBRARY = "libc++";
				CLANG_ENABLE_MODULES = YES;
				CLANG_ENABLE_OBJC_ARC = YES;
				CLANG_WARN_BLOCK_CAPTURE_AUTORELEASING = YES;
				CLANG_WARN_BOOL_CONVERSION = YES;
				CLANG_WARN_COMMA = YES;
				CLANG_WARN_CONSTANT_CONVERSION = YES;
				CLANG_WARN_DIRECT_OBJC_ISA_USAGE = YES_ERROR;
				CLANG_WARN_DOCUMENTATION_COMMENTS = YES;
				CLANG_WARN_EMPTY_BODY = YES;
				CLANG_WARN_ENUM_CONVERSION = YES;
				CLANG_WARN_INFINITE_RECURSION = YES;
				CLANG_WARN_INT_CONVERSION = YES;
				CLANG_WARN_NON_LITERAL_NULL_CONVERSION = YES;
				CLANG_WARN_OBJC_LITERAL_CONVERSION = YES;
				CLANG_WARN_OBJC_ROOT_CLASS = YES_ERROR;
				CLANG_WARN_RANGE_LOOP_ANALYSIS = YES;
				CLANG_WARN_STRICT_PROTOTYPES = YES;
				CLANG_WARN_SUSPICIOUS_MOVE = YES;
				CLANG_WARN_UNGUARDED_AVAILABILITY = YES_AGGRESSIVE;
				CLANG_WARN_UNREACHABLE_CODE = YES;
				CLANG_WARN__DUPLICATE_METHOD_MATCH = YES;
				CODE_SIGN_IDENTITY = "iPhone Developer";
				COPY_PHASE_STRIP = NO;
				DEBUG_INFORMATION_FORMAT = dwarf;
				ENABLE_STRICT_OBJC_MSGSEND = YES;
				ENABLE_TESTABILITY = YES;
				GCC_C_LANGUAGE_STANDARD = gnu11;
				GCC_DYNAMIC_NO_PIC = NO;
				GCC_NO_COMMON_BLOCKS = YES;
				GCC_OPTIMIZATION_LEVEL = 0;
				GCC_PREPROCESSOR_DEFINITIONS = (
					"DEBUG=1",
					"$(inherited)",
				);
				GCC_WARN_64_TO_32_BIT_CONVERSION = YES;
				GCC_WARN_ABOUT_RETURN_TYPE = YES_ERROR;
				GCC_WARN_UNDECLARED_SELECTOR = YES;
				GCC_WARN_UNINITIALIZED_AUTOS = YES_AGGRESSIVE;
				GCC_WARN_UNUSED_FUNCTION = YES;
				GCC_WARN_UNUSED_VARIABLE = YES;
				IPHONEOS_DEPLOYMENT_TARGET = 11.2;
				MTL_ENABLE_DEBUG_INFO = YES;
				ONLY_ACTIVE_ARCH = YES;
				SDKROOT = iphoneos;
				SWIFT_ACTIVE_COMPILATION_CONDITIONS = DEBUG;
				SWIFT_OPTIMIZATION_LEVEL = "-Onone";
			};
			name = Debug;
		};
		BA6DA36F212FD79700850E08 /* Release */ = {
			isa = XCBuildConfiguration;
			buildSettings = {
				ALWAYS_SEARCH_USER_PATHS = NO;
				CLANG_ANALYZER_NONNULL = YES;
				CLANG_ANALYZER_NUMBER_OBJECT_CONVERSION = YES_AGGRESSIVE;
				CLANG_CXX_LANGUAGE_STANDARD = "gnu++14";
				CLANG_CXX_LIBRARY = "libc++";
				CLANG_ENABLE_MODULES = YES;
				CLANG_ENABLE_OBJC_ARC = YES;
				CLANG_WARN_BLOCK_CAPTURE_AUTORELEASING = YES;
				CLANG_WARN_BOOL_CONVERSION = YES;
				CLANG_WARN_COMMA = YES;
				CLANG_WARN_CONSTANT_CONVERSION = YES;
				CLANG_WARN_DIRECT_OBJC_ISA_USAGE = YES_ERROR;
				CLANG_WARN_DOCUMENTATION_COMMENTS = YES;
				CLANG_WARN_EMPTY_BODY = YES;
				CLANG_WARN_ENUM_CONVERSION = YES;
				CLANG_WARN_INFINITE_RECURSION = YES;
				CLANG_WARN_INT_CONVERSION = YES;
				CLANG_WARN_NON_LITERAL_NULL_CONVERSION = YES;
				CLANG_WARN_OBJC_LITERAL_CONVERSION = YES;
				CLANG_WARN_OBJC_ROOT_CLASS = YES_ERROR;
				CLANG_WARN_RANGE_LOOP_ANALYSIS = YES;
				CLANG_WARN_STRICT_PROTOTYPES = YES;
				CLANG_WARN_SUSPICIOUS_MOVE = YES;
				CLANG_WARN_UNGUARDED_AVAILABILITY = YES_AGGRESSIVE;
				CLANG_WARN_UNREACHABLE_CODE = YES;
				CLANG_WARN__DUPLICATE_METHOD_MATCH = YES;
				CODE_SIGN_IDENTITY = "iPhone Developer";
				COPY_PHASE_STRIP = NO;
				DEBUG_INFORMATION_FORMAT = "dwarf-with-dsym";
				ENABLE_NS_ASSERTIONS = NO;
				ENABLE_STRICT_OBJC_MSGSEND = YES;
				GCC_C_LANGUAGE_STANDARD = gnu11;
				GCC_NO_COMMON_BLOCKS = YES;
				GCC_WARN_64_TO_32_BIT_CONVERSION = YES;
				GCC_WARN_ABOUT_RETURN_TYPE = YES_ERROR;
				GCC_WARN_UNDECLARED_SELECTOR = YES;
				GCC_WARN_UNINITIALIZED_AUTOS = YES_AGGRESSIVE;
				GCC_WARN_UNUSED_FUNCTION = YES;
				GCC_WARN_UNUSED_VARIABLE = YES;
				IPHONEOS_DEPLOYMENT_TARGET = 11.2;
				MTL_ENABLE_DEBUG_INFO = NO;
				SDKROOT = iphoneos;
				SWIFT_OPTIMIZATION_LEVEL = "-Owholemodule";
				VALIDATE_PRODUCT = YES;
			};
			name = Release;
		};
		BA6DA371212FD79700850E08 /* Debug */ = {
			isa = XCBuildConfiguration;
			buildSettings = {
				ASSETCATALOG_COMPILER_APPICON_NAME = AppIcon;
				CODE_SIGN_STYLE = Automatic;
				INFOPLIST_FILE = UISeguesExample/Info.plist;
				LD_RUNPATH_SEARCH_PATHS = "$(inherited) @executable_path/Frameworks";
				PRODUCT_BUNDLE_IDENTIFIER = sia.UISeguesExample;
				PRODUCT_NAME = "$(TARGET_NAME)";
				SWIFT_VERSION = 4.0;
				TARGETED_DEVICE_FAMILY = "1,2";
			};
			name = Debug;
		};
		BA6DA372212FD79700850E08 /* Release */ = {
			isa = XCBuildConfiguration;
			buildSettings = {
				ASSETCATALOG_COMPILER_APPICON_NAME = AppIcon;
				CODE_SIGN_STYLE = Automatic;
				INFOPLIST_FILE = UISeguesExample/Info.plist;
				LD_RUNPATH_SEARCH_PATHS = "$(inherited) @executable_path/Frameworks";
				PRODUCT_BUNDLE_IDENTIFIER = sia.UISeguesExample;
				PRODUCT_NAME = "$(TARGET_NAME)";
				SWIFT_VERSION = 4.0;
				TARGETED_DEVICE_FAMILY = "1,2";
			};
			name = Release;
		};
/* End XCBuildConfiguration section */

/* Begin XCConfigurationList section */
		BA6DA359212FD79700850E08 /* Build configuration list for PBXProject "UISeguesExample" */ = {
			isa = XCConfigurationList;
			buildConfigurations = (
				BA6DA36E212FD79700850E08 /* Debug */,
				BA6DA36F212FD79700850E08 /* Release */,
			);
			defaultConfigurationIsVisible = 0;
			defaultConfigurationName = Release;
		};
		BA6DA370212FD79700850E08 /* Build configuration list for PBXNativeTarget "UISeguesExample" */ = {
			isa = XCConfigurationList;
			buildConfigurations = (
				BA6DA371212FD79700850E08 /* Debug */,
				BA6DA372212FD79700850E08 /* Release */,
			);
			defaultConfigurationIsVisible = 0;
			defaultConfigurationName = Release;
		};
/* End XCConfigurationList section */
	};
	rootObject = BA6DA356212FD79700850E08 /* Project object */;
}
